
Microsoft Visual Studio Solution File, Format Version 12.00
Project("{FAE04EC0-301F-11D3-BF4B-00C04F79EFBC}") = "ztm.NET", "ztm.NET\ztm.NET.csproj", "{7F83D7B5-C856-49CA-9D7D-C0AC2E93E198}"
EndProject
Project("{FAE04EC0-301F-11D3-BF4B-00C04F79EFBC}") = "CastingValueTypes", "CastingValueTypes\CastingValueTypes.csproj", "{68FD6876-6923-43F1-B791-E1235A1E1C42}"
EndProject
Project("{FAE04EC0-301F-11D3-BF4B-00C04F79EFBC}") = "Strings", "Strings\Strings.csproj", "{1CE28663-09EB-4BCF-AAA4-0FAC0BAA983D}"
EndProject
Project("{2150E333-8FDC-42A3-9474-1A3956D46DE8}") = "CodeWars", "CodeWars", "{17FF66CB-9CCD-45CB-8420-8055FED2A966}"
EndProject
Project("{FAE04EC0-301F-11D3-BF4B-00C04F79EFBC}") = "CodeWars_fundamentals", "CodeWars_fundamentals\CodeWars_fundamentals.csproj", "{32BD6BD7-D0C2-4DB4-80B6-EED929F67515}"
EndProject
Global
	GlobalSection(SolutionConfigurationPlatforms) = preSolution
		Debug|Any CPU = Debug|Any CPU
		Release|Any CPU = Release|Any CPU
	EndGlobalSection
	GlobalSection(ProjectConfigurationPlatforms) = postSolution
		{7F83D7B5-C856-49CA-9D7D-C0AC2E93E198}.Debug|Any CPU.ActiveCfg = Debug|Any CPU
		{7F83D7B5-C856-49CA-9D7D-C0AC2E93E198}.Debug|Any CPU.Build.0 = Debug|Any CPU
		{7F83D7B5-C856-49CA-9D7D-C0AC2E93E198}.Release|Any CPU.ActiveCfg = Release|Any CPU
		{7F83D7B5-C856-49CA-9D7D-C0AC2E93E198}.Release|Any CPU.Build.0 = Release|Any CPU
		{68FD6876-6923-43F1-B791-E1235A1E1C42}.Debug|Any CPU.ActiveCfg = Debug|Any CPU
		{68FD6876-6923-43F1-B791-E1235A1E1C42}.Debug|Any CPU.Build.0 = Debug|Any CPU
		{68FD6876-6923-43F1-B791-E1235A1E1C42}.Release|Any CPU.ActiveCfg = Release|Any CPU
		{68FD6876-6923-43F1-B791-E1235A1E1C42}.Release|Any CPU.Build.0 = Release|Any CPU
		{1CE28663-09EB-4BCF-AAA4-0FAC0BAA983D}.Debug|Any CPU.ActiveCfg = Debug|Any CPU
		{1CE28663-09EB-4BCF-AAA4-0FAC0BAA983D}.Debug|Any CPU.Build.0 = Debug|Any CPU
		{1CE28663-09EB-4BCF-AAA4-0FAC0BAA983D}.Release|Any CPU.ActiveCfg = Release|Any CPU
		{1CE28663-09EB-4BCF-AAA4-0FAC0BAA983D}.Release|Any CPU.Build.0 = Release|Any CPU
		{32BD6BD7-D0C2-4DB4-80B6-EED929F67515}.Debug|Any CPU.ActiveCfg = Debug|Any CPU
		{32BD6BD7-D0C2-4DB4-80B6-EED929F67515}.Debug|Any CPU.Build.0 = Debug|Any CPU
		{32BD6BD7-D0C2-4DB4-80B6-EED929F67515}.Release|Any CPU.ActiveCfg = Release|Any CPU
		{32BD6BD7-D0C2-4DB4-80B6-EED929F67515}.Release|Any CPU.Build.0 = Release|Any CPU
	EndGlobalSection
	GlobalSection(NestedProjects) = preSolution
		{32BD6BD7-D0C2-4DB4-80B6-EED929F67515} = {17FF66CB-9CCD-45CB-8420-8055FED2A966}
	EndGlobalSection
EndGlobal
